github.com/BurntSushi/toml v1.5.0 h1:W5quZX/G/csjUnuI8SUYlsHs9M38FC7znL0lIO+DvMg=
github.com/BurntSushi/toml v1.5.0/go.mod h1:ukJfTF/6rtPPRCnwkur4qwRxa8vTRFBF0uk2lLoLwho=
github.com/google/go-cmp v0.6.0 h1:ofyhxvXcZhMsU5ulbFiLKl/XBFqE1GSq7atu8tAmTRI=
github.com/google/go-cmp v0.6.0/go.mod h1:17dUlkBOakJ0+DkrSSNjCkIjxS6bF9zb3elmeNGIjoY=
github.com/hashicorp/go-set/v3 v3.0.1 h1:ZwO15ZYmIrFYL9zSm2wBuwcRiHxVdp46m/XA/MUlM6I=
github.com/hashicorp/go-set/v3 v3.0.1/go.mod h1:0oPQqhtitglZeT2ZiWnRIfUG6gJAHnn7LzrS7SbgNY4=
github.com/shoenig/ignore v0.4.0 h1:qPOWs0slbPMtenC0H3cKvu5Kn3hQFTE3yK6YJvyNDlA=
github.com/shoenig/ignore v0.4.0/go.mod h1:VF91FoiYAwXq4KinOq6zP5xfFw/Ib6MfftaGKYTpmwo=
github.com/shoenig/regexplus v0.3.0 h1:+eJZ5P4y1IY4+NgkIIvIqqdG/uYRBuSg4vWUjEppLcY=
github.com/shoenig/regexplus v0.3.0/go.mod h1:AT46KcYMK7iD/drPHdFtmB42TetxBe5S/O3vMGPa5cw=
github.com/shoenig/semantic v1.2.1 h1:iDF/IitQLjl6qbJ2Geu1he5W/XciKhpz4IwXVyERZbY=
github.com/shoenig/semantic v1.2.1/go.mod h1:gvoxf6lUq6J79VZuCMv9Ef3JfpRjnWzlc2rLEfQT+q0=
github.com/shoenig/test v1.12.1 h1:mLHfnMv7gmhhP44WrvT+nKSxKkPDiNkIuHGdIGI9RLU=
github.com/shoenig/test v1.12.1/go.mod h1:UxJ6u/x2v/TNs/LoLxBNJRV9DiwBBKYxXSyczsBHFoI=
golang.org/x/mod v0.26.0 h1:EGMPT//Ezu+ylkCijjPc+f4Aih7sZvaAr+O3EHBxvZg=
golang.org/x/mod v0.26.0/go.mod h1:/j6NAhSk8iQ723BGAUyoAcn7SlD7s15Dp9Nd/SfeaFQ=
