github.com/BurntSushi/toml v1.3.2 h1:o7IhLm0Msx3BaB+n3Ag7L8EVlByGnpq14C4YWiu/gL8=
github.com/BurntSushi/toml v1.3.2/go.mod h1:CxXYINrC8qIiEnFrOxCa7Jy5BFHlXnUU2pbicEuybxQ=
github.com/google/go-cmp v0.6.0 h1:ofyhxvXcZhMsU5ulbFiLKl/XBFqE1GSq7atu8tAmTRI=
github.com/google/go-cmp v0.6.0/go.mod h1:17dUlkBOakJ0+DkrSSNjCkIjxS6bF9zb3elmeNGIjoY=
github.com/hashicorp/go-set/v2 v2.1.0 h1:iERPCQWks+I+4bTgy0CT2myZsCqNgBg79ZHqwniohXo=
github.com/hashicorp/go-set/v2 v2.1.0/go.mod h1:6q4nh8UCVZODn2tJ5RbJi8+ki7pjZBsAEYGt6yaGeTo=
github.com/shoenig/ignore v0.4.0 h1:qPOWs0slbPMtenC0H3cKvu5Kn3hQFTE3yK6YJvyNDlA=
github.com/shoenig/ignore v0.4.0/go.mod h1:VF91FoiYAwXq4KinOq6zP5xfFw/Ib6MfftaGKYTpmwo=
github.com/shoenig/regexplus v0.3.0 h1:+eJZ5P4y1IY4+NgkIIvIqqdG/uYRBuSg4vWUjEppLcY=
github.com/shoenig/regexplus v0.3.0/go.mod h1:AT46KcYMK7iD/drPHdFtmB42TetxBe5S/O3vMGPa5cw=
github.com/shoenig/semantic v1.2.1 h1:iDF/IitQLjl6qbJ2Geu1he5W/XciKhpz4IwXVyERZbY=
github.com/shoenig/semantic v1.2.1/go.mod h1:gvoxf6lUq6J79VZuCMv9Ef3JfpRjnWzlc2rLEfQT+q0=
github.com/shoenig/test v1.7.0 h1:eWcHtTXa6QLnBvm0jgEabMRN/uJ4DMV3M8xUGgRkZmk=
github.com/shoenig/test v1.7.0/go.mod h1:UxJ6u/x2v/TNs/LoLxBNJRV9DiwBBKYxXSyczsBHFoI=
golang.org/x/mod v0.16.0 h1:QX4fJ0Rr5cPQCF7O9lh9Se4pmwfwskqZfq5moyldzic=
golang.org/x/mod v0.16.0/go.mod h1:hTbmBsO62+eylJbnUtE2MGJUyE7QWk4xUqPFrRgJ+7c=
